// !$*UTF8*$!
{
	archiveVersion = 1;
	classes = {
	};
	objectVersion = 56;
	objects = {

/* Begin PBXBuildFile section */
		A81801E02B7CB60D00D7FF54 /* LearnNetworkingApp.swift in Sources */ = {isa = PBXBuildFile; fileRef = A81801DF2B7CB60D00D7FF54 /* LearnNetworkingApp.swift */; };
		A81801E22B7CB60D00D7FF54 /* ContentView.swift in Sources */ = {isa = PBXBuildFile; fileRef = A81801E12B7CB60D00D7FF54 /* ContentView.swift */; };
		A81801E42B7CB61000D7FF54 /* Assets.xcassets in Resources */ = {isa = PBXBuildFile; fileRef = A81801E32B7CB61000D7FF54 /* Assets.xcassets */; };
		A81801E72B7CB61000D7FF54 /* Preview Assets.xcassets in Resources */ = {isa = PBXBuildFile; fileRef = A81801E62B7CB61000D7FF54 /* Preview Assets.xcassets */; };
		A81ACA9F2B7CBB0600565C0C /* Moya in Frameworks */ = {isa = PBXBuildFile; productRef = A81ACA9E2B7CBB0600565C0C /* Moya */; };
		A81ACAA82B7CF11000565C0C /* MoyaProvider+defaultProvider.swift in Sources */ = {isa = PBXBuildFile; fileRef = A81ACAA72B7CF11000565C0C /* MoyaProvider+defaultProvider.swift */; };
		A81ACAAA2B7CF1AD00565C0C /* MoyaProvider+asyncProvider.swift in Sources */ = {isa = PBXBuildFile; fileRef = A81ACAA92B7CF1AD00565C0C /* MoyaProvider+asyncProvider.swift */; };
		A81ACAAE2B7CF44000565C0C /* DefaultTargetType.swift in Sources */ = {isa = PBXBuildFile; fileRef = A81ACAAD2B7CF44000565C0C /* DefaultTargetType.swift */; };
		A81ACAB32B7CF5F500565C0C /* UserTargetType.swift in Sources */ = {isa = PBXBuildFile; fileRef = A81ACAB22B7CF5F500565C0C /* UserTargetType.swift */; };
		A81ACAB72B7CF93000565C0C /* UserResponse.swift in Sources */ = {isa = PBXBuildFile; fileRef = A81ACAB62B7CF93000565C0C /* UserResponse.swift */; };
		A81ACAB92B7CF94500565C0C /* UserRequest.swift in Sources */ = {isa = PBXBuildFile; fileRef = A81ACAB82B7CF94500565C0C /* UserRequest.swift */; };
		A81ACABD2B7CFB2C00565C0C /* UserRepository.swift in Sources */ = {isa = PBXBuildFile; fileRef = A81ACABC2B7CFB2C00565C0C /* UserRepository.swift */; };
		A81ACABF2B7CFC8000565C0C /* DefaultResponse.swift in Sources */ = {isa = PBXBuildFile; fileRef = A81ACABE2B7CFC8000565C0C /* DefaultResponse.swift */; };
		A81ACAC22B7CFE9200565C0C /* HomeViewModel.swift in Sources */ = {isa = PBXBuildFile; fileRef = A81ACAC12B7CFE9200565C0C /* HomeViewModel.swift */; };
		A81ACAC42B7CFFAE00565C0C /* HomeView.swift in Sources */ = {isa = PBXBuildFile; fileRef = A81ACAC32B7CFFAE00565C0C /* HomeView.swift */; };
		A8669EB12B97048A004C6E36 /* DetailViewModel.swift in Sources */ = {isa = PBXBuildFile; fileRef = A8669EB02B97048A004C6E36 /* DetailViewModel.swift */; };
		A88073692B96F37500097539 /* DetailView.swift in Sources */ = {isa = PBXBuildFile; fileRef = A88073682B96F37500097539 /* DetailView.swift */; };
/* End PBXBuildFile section */

/* Begin PBXFileReference section */
		A81801DC2B7CB60D00D7FF54 /* LearnNetworking.app */ = {isa = PBXFileReference; explicitFileType = wrapper.application; includeInIndex = 0; path = LearnNetworking.app; sourceTree = BUILT_PRODUCTS_DIR; };
		A81801DF2B7CB60D00D7FF54 /* LearnNetworkingApp.swift */ = {isa = PBXFileReference; lastKnownFileType = sourcecode.swift; path = LearnNetworkingApp.swift; sourceTree = "<group>"; };
		A81801E12B7CB60D00D7FF54 /* ContentView.swift */ = {isa = PBXFileReference; lastKnownFileType = sourcecode.swift; path = ContentView.swift; sourceTree = "<group>"; };
		A81801E32B7CB61000D7FF54 /* Assets.xcassets */ = {isa = PBXFileReference; lastKnownFileType = folder.assetcatalog; path = Assets.xcassets; sourceTree = "<group>"; };
		A81801E62B7CB61000D7FF54 /* Preview Assets.xcassets */ = {isa = PBXFileReference; lastKnownFileType = folder.assetcatalog; path = "Preview Assets.xcassets"; sourceTree = "<group>"; };
		A81ACAA72B7CF11000565C0C /* MoyaProvider+defaultProvider.swift */ = {isa = PBXFileReference; lastKnownFileType = sourcecode.swift; path = "MoyaProvider+defaultProvider.swift"; sourceTree = "<group>"; };
		A81ACAA92B7CF1AD00565C0C /* MoyaProvider+asyncProvider.swift */ = {isa = PBXFileReference; lastKnownFileType = sourcecode.swift; path = "MoyaProvider+asyncProvider.swift"; sourceTree = "<group>"; };
		A81ACAAD2B7CF44000565C0C /* DefaultTargetType.swift */ = {isa = PBXFileReference; lastKnownFileType = sourcecode.swift; path = DefaultTargetType.swift; sourceTree = "<group>"; };
		A81ACAB22B7CF5F500565C0C /* UserTargetType.swift */ = {isa = PBXFileReference; lastKnownFileType = sourcecode.swift; path = UserTargetType.swift; sourceTree = "<group>"; };
		A81ACAB62B7CF93000565C0C /* UserResponse.swift */ = {isa = PBXFileReference; lastKnownFileType = sourcecode.swift; path = UserResponse.swift; sourceTree = "<group>"; };
		A81ACAB82B7CF94500565C0C /* UserRequest.swift */ = {isa = PBXFileReference; lastKnownFileType = sourcecode.swift; path = UserRequest.swift; sourceTree = "<group>"; };
		A81ACABC2B7CFB2C00565C0C /* UserRepository.swift */ = {isa = PBXFileReference; lastKnownFileType = sourcecode.swift; path = UserRepository.swift; sourceTree = "<group>"; };
		A81ACABE2B7CFC8000565C0C /* DefaultResponse.swift */ = {isa = PBXFileReference; lastKnownFileType = sourcecode.swift; path = DefaultResponse.swift; sourceTree = "<group>"; };
		A81ACAC12B7CFE9200565C0C /* HomeViewModel.swift */ = {isa = PBXFileReference; lastKnownFileType = sourcecode.swift; path = HomeViewModel.swift; sourceTree = "<group>"; };
		A81ACAC32B7CFFAE00565C0C /* HomeView.swift */ = {isa = PBXFileReference; lastKnownFileType = sourcecode.swift; path = HomeView.swift; sourceTree = "<group>"; };
		A8669EB02B97048A004C6E36 /* DetailViewModel.swift */ = {isa = PBXFileReference; lastKnownFileType = sourcecode.swift; path = DetailViewModel.swift; sourceTree = "<group>"; };
		A88073682B96F37500097539 /* DetailView.swift */ = {isa = PBXFileReference; lastKnownFileType = sourcecode.swift; path = DetailView.swift; sourceTree = "<group>"; };
/* End PBXFileReference section */

/* Begin PBXFrameworksBuildPhase section */
		A81801D92B7CB60D00D7FF54 /* Frameworks */ = {
			isa = PBXFrameworksBuildPhase;
			buildActionMask = 2147483647;
			files = (
				A81ACA9F2B7CBB0600565C0C /* Moya in Frameworks */,
			);
			runOnlyForDeploymentPostprocessing = 0;
		};
/* End PBXFrameworksBuildPhase section */

/* Begin PBXGroup section */
		A81801D32B7CB60D00D7FF54 = {
			isa = PBXGroup;
			children = (
				A81801DE2B7CB60D00D7FF54 /* LearnNetworking */,
				A81801DD2B7CB60D00D7FF54 /* Products */,
			);
			sourceTree = "<group>";
		};
		A81801DD2B7CB60D00D7FF54 /* Products */ = {
			isa = PBXGroup;
			children = (
				A81801DC2B7CB60D00D7FF54 /* LearnNetworking.app */,
			);
			name = Products;
			sourceTree = "<group>";
		};
		A81801DE2B7CB60D00D7FF54 /* LearnNetworking */ = {
			isa = PBXGroup;
			children = (
				A81ACAAB2B7CF42200565C0C /* Data */,
				A81ACAA62B7CF0E000565C0C /* Extension */,
				A81ACAA02B7CBCCD00565C0C /* Feature */,
				A81ACAA12B7CBCD600565C0C /* Common */,
				A81801DF2B7CB60D00D7FF54 /* LearnNetworkingApp.swift */,
				A81801E12B7CB60D00D7FF54 /* ContentView.swift */,
				A81801E32B7CB61000D7FF54 /* Assets.xcassets */,
				A81801E52B7CB61000D7FF54 /* Preview Content */,
			);
			path = LearnNetworking;
			sourceTree = "<group>";
		};
		A81801E52B7CB61000D7FF54 /* Preview Content */ = {
			isa = PBXGroup;
			children = (
				A81801E62B7CB61000D7FF54 /* Preview Assets.xcassets */,
			);
			path = "Preview Content";
			sourceTree = "<group>";
		};
		A81ACAA02B7CBCCD00565C0C /* Feature */ = {
			isa = PBXGroup;
			children = (
				A88073642B96F2CD00097539 /* Detail */,
				A81ACAC02B7CFE8400565C0C /* Home */,
			);
			path = Feature;
			sourceTree = "<group>";
		};
		A81ACAA12B7CBCD600565C0C /* Common */ = {
			isa = PBXGroup;
			children = (
				A81ACAB42B7CF91200565C0C /* Entities */,
			);
			path = Common;
			sourceTree = "<group>";
		};
		A81ACAA62B7CF0E000565C0C /* Extension */ = {
			isa = PBXGroup;
			children = (
				A81ACAA72B7CF11000565C0C /* MoyaProvider+defaultProvider.swift */,
				A81ACAA92B7CF1AD00565C0C /* MoyaProvider+asyncProvider.swift */,
			);
			path = Extension;
			sourceTree = "<group>";
		};
		A81ACAAB2B7CF42200565C0C /* Data */ = {
			isa = PBXGroup;
			children = (
				A81ACAAF2B7CF5C500565C0C /* User */,
				A81ACAAC2B7CF42F00565C0C /* Reusable */,
			);
			path = Data;
			sourceTree = "<group>";
		};
		A81ACAAC2B7CF42F00565C0C /* Reusable */ = {
			isa = PBXGroup;
			children = (
				A81ACAAD2B7CF44000565C0C /* DefaultTargetType.swift */,
				A81ACABE2B7CFC8000565C0C /* DefaultResponse.swift */,
			);
			path = Reusable;
			sourceTree = "<group>";
		};
		A81ACAAF2B7CF5C500565C0C /* User */ = {
			isa = PBXGroup;
			children = (
				A81ACAB12B7CF5DF00565C0C /* Local */,
				A81ACAB02B7CF5CC00565C0C /* Remote */,
				A81ACABC2B7CFB2C00565C0C /* UserRepository.swift */,
			);
			path = User;
			sourceTree = "<group>";
		};
		A81ACAB02B7CF5CC00565C0C /* Remote */ = {
			isa = PBXGroup;
			children = (
				A81ACAB22B7CF5F500565C0C /* UserTargetType.swift */,
			);
			path = Remote;
			sourceTree = "<group>";
		};
		A81ACAB12B7CF5DF00565C0C /* Local */ = {
			isa = PBXGroup;
			children = (
			);
			path = Local;
			sourceTree = "<group>";
		};
		A81ACAB42B7CF91200565C0C /* Entities */ = {
			isa = PBXGroup;
			children = (
				A81ACAB52B7CF91C00565C0C /* User */,
			);
			path = Entities;
			sourceTree = "<group>";
		};
		A81ACAB52B7CF91C00565C0C /* User */ = {
			isa = PBXGroup;
			children = (
				A81ACAB62B7CF93000565C0C /* UserResponse.swift */,
				A81ACAB82B7CF94500565C0C /* UserRequest.swift */,
			);
			path = User;
			sourceTree = "<group>";
		};
		A81ACAC02B7CFE8400565C0C /* Home */ = {
			isa = PBXGroup;
			children = (
				A81ACAC12B7CFE9200565C0C /* HomeViewModel.swift */,
				A81ACAC32B7CFFAE00565C0C /* HomeView.swift */,
			);
			path = Home;
			sourceTree = "<group>";
		};
		A88073642B96F2CD00097539 /* Detail */ = {
			isa = PBXGroup;
			children = (
				A88073662B96F2E200097539 /* View */,
				A88073652B96F2D800097539 /* ViewModel */,
			);
			path = Detail;
			sourceTree = "<group>";
		};
		A88073652B96F2D800097539 /* ViewModel */ = {
			isa = PBXGroup;
			children = (
				A8669EB02B97048A004C6E36 /* DetailViewModel.swift */,
			);
			path = ViewModel;
			sourceTree = "<group>";
		};
		A88073662B96F2E200097539 /* View */ = {
			isa = PBXGroup;
			children = (
				A88073682B96F37500097539 /* DetailView.swift */,
			);
			path = View;
			sourceTree = "<group>";
		};
/* End PBXGroup section */

/* Begin PBXNativeTarget section */
		A81801DB2B7CB60D00D7FF54 /* LearnNetworking */ = {
			isa = PBXNativeTarget;
			buildConfigurationList = A81801EA2B7CB61000D7FF54 /* Build configuration list for PBXNativeTarget "LearnNetworking" */;
			buildPhases = (
				A81801D82B7CB60D00D7FF54 /* Sources */,
				A81801D92B7CB60D00D7FF54 /* Frameworks */,
				A81801DA2B7CB60D00D7FF54 /* Resources */,
			);
			buildRules = (
			);
			dependencies = (
			);
			name = LearnNetworking;
			packageProductDependencies = (
				A81ACA9E2B7CBB0600565C0C /* Moya */,
			);
			productName = LearnNetworking;
			productReference = A81801DC2B7CB60D00D7FF54 /* LearnNetworking.app */;
			productType = "com.apple.product-type.application";
		};
/* End PBXNativeTarget section */

/* Begin PBXProject section */
		A81801D42B7CB60D00D7FF54 /* Project object */ = {
			isa = PBXProject;
			attributes = {
				BuildIndependentTargetsInParallel = 1;
				LastSwiftUpdateCheck = 1420;
				LastUpgradeCheck = 1420;
				TargetAttributes = {
					A81801DB2B7CB60D00D7FF54 = {
						CreatedOnToolsVersion = 14.2;
					};
				};
			};
			buildConfigurationList = A81801D72B7CB60D00D7FF54 /* Build configuration list for PBXProject "LearnNetworking" */;
			compatibilityVersion = "Xcode 14.0";
			developmentRegion = en;
			hasScannedForEncodings = 0;
			knownRegions = (
				en,
				Base,
			);
			mainGroup = A81801D32B7CB60D00D7FF54;
			packageReferences = (
				A81ACA9D2B7CBB0600565C0C /* XCRemoteSwiftPackageReference "Moya" */,
			);
			productRefGroup = A81801DD2B7CB60D00D7FF54 /* Products */;
			projectDirPath = "";
			projectRoot = "";
			targets = (
				A81801DB2B7CB60D00D7FF54 /* LearnNetworking */,
			);
		};
/* End PBXProject section */

/* Begin PBXResourcesBuildPhase section */
		A81801DA2B7CB60D00D7FF54 /* Resources */ = {
			isa = PBXResourcesBuildPhase;
			buildActionMask = 2147483647;
			files = (
				A81801E72B7CB61000D7FF54 /* Preview Assets.xcassets in Resources */,
				A81801E42B7CB61000D7FF54 /* Assets.xcassets in Resources */,
			);
			runOnlyForDeploymentPostprocessing = 0;
		};
/* End PBXResourcesBuildPhase section */

/* Begin PBXSourcesBuildPhase section */
		A81801D82B7CB60D00D7FF54 /* Sources */ = {
			isa = PBXSourcesBuildPhase;
			buildActionMask = 2147483647;
			files = (
				A81ACAAE2B7CF44000565C0C /* DefaultTargetType.swift in Sources */,
				A81ACAC22B7CFE9200565C0C /* HomeViewModel.swift in Sources */,
				A81ACAB32B7CF5F500565C0C /* UserTargetType.swift in Sources */,
				A81ACABD2B7CFB2C00565C0C /* UserRepository.swift in Sources */,
				A81ACAAA2B7CF1AD00565C0C /* MoyaProvider+asyncProvider.swift in Sources */,
				A81ACABF2B7CFC8000565C0C /* DefaultResponse.swift in Sources */,
				A81ACAA82B7CF11000565C0C /* MoyaProvider+defaultProvider.swift in Sources */,
				A88073692B96F37500097539 /* DetailView.swift in Sources */,
				A81ACAB92B7CF94500565C0C /* UserRequest.swift in Sources */,
				A8669EB12B97048A004C6E36 /* DetailViewModel.swift in Sources */,
				A81ACAB72B7CF93000565C0C /* UserResponse.swift in Sources */,
				A81ACAC42B7CFFAE00565C0C /* HomeView.swift in Sources */,
				A81801E22B7CB60D00D7FF54 /* ContentView.swift in Sources */,
				A81801E02B7CB60D00D7FF54 /* LearnNetworkingApp.swift in Sources */,
			);
			runOnlyForDeploymentPostprocessing = 0;
		};
/* End PBXSourcesBuildPhase section */

/* Begin XCBuildConfiguration section */
		A81801E82B7CB61000D7FF54 /* Debug */ = {
			isa = XCBuildConfiguration;
			buildSettings = {
				ALWAYS_SEARCH_USER_PATHS = NO;
				CLANG_ANALYZER_NONNULL = YES;
				CLANG_ANALYZER_NUMBER_OBJECT_CONVERSION = YES_AGGRESSIVE;
				CLANG_CXX_LANGUAGE_STANDARD = "gnu++20";
				CLANG_ENABLE_MODULES = YES;
				CLANG_ENABLE_OBJC_ARC = YES;
				CLANG_ENABLE_OBJC_WEAK = YES;
				CLANG_WARN_BLOCK_CAPTURE_AUTORELEASING = YES;
				CLANG_WARN_BOOL_CONVERSION = YES;
				CLANG_WARN_COMMA = YES;
				CLANG_WARN_CONSTANT_CONVERSION = YES;
				CLANG_WARN_DEPRECATED_OBJC_IMPLEMENTATIONS = YES;
				CLANG_WARN_DIRECT_OBJC_ISA_USAGE = YES_ERROR;
				CLANG_WARN_DOCUMENTATION_COMMENTS = YES;
				CLANG_WARN_EMPTY_BODY = YES;
				CLANG_WARN_ENUM_CONVERSION = YES;
				CLANG_WARN_INFINITE_RECURSION = YES;
				CLANG_WARN_INT_CONVERSION = YES;
				CLANG_WARN_NON_LITERAL_NULL_CONVERSION = YES;
				CLANG_WARN_OBJC_IMPLICIT_RETAIN_SELF = YES;
				CLANG_WARN_OBJC_LITERAL_CONVERSION = YES;
				CLANG_WARN_OBJC_ROOT_CLASS = YES_ERROR;
				CLANG_WARN_QUOTED_INCLUDE_IN_FRAMEWORK_HEADER = YES;
				CLANG_WARN_RANGE_LOOP_ANALYSIS = YES;
				CLANG_WARN_STRICT_PROTOTYPES = YES;
				CLANG_WARN_SUSPICIOUS_MOVE = YES;
				CLANG_WARN_UNGUARDED_AVAILABILITY = YES_AGGRESSIVE;
				CLANG_WARN_UNREACHABLE_CODE = YES;
				CLANG_WARN__DUPLICATE_METHOD_MATCH = YES;
				COPY_PHASE_STRIP = NO;
				DEBUG_INFORMATION_FORMAT = dwarf;
				ENABLE_STRICT_OBJC_MSGSEND = YES;
				ENABLE_TESTABILITY = YES;
				GCC_C_LANGUAGE_STANDARD = gnu11;
				GCC_DYNAMIC_NO_PIC = NO;
				GCC_NO_COMMON_BLOCKS = YES;
				GCC_OPTIMIZATION_LEVEL = 0;
				GCC_PREPROCESSOR_DEFINITIONS = (
					"DEBUG=1",
					"$(inherited)",
				);
				GCC_WARN_64_TO_32_BIT_CONVERSION = YES;
				GCC_WARN_ABOUT_RETURN_TYPE = YES_ERROR;
				GCC_WARN_UNDECLARED_SELECTOR = YES;
				GCC_WARN_UNINITIALIZED_AUTOS = YES_AGGRESSIVE;
				GCC_WARN_UNUSED_FUNCTION = YES;
				GCC_WARN_UNUSED_VARIABLE = YES;
				IPHONEOS_DEPLOYMENT_TARGET = 16.2;
				MTL_ENABLE_DEBUG_INFO = INCLUDE_SOURCE;
				MTL_FAST_MATH = YES;
				ONLY_ACTIVE_ARCH = YES;
				SDKROOT = iphoneos;
				SWIFT_ACTIVE_COMPILATION_CONDITIONS = DEBUG;
				SWIFT_OPTIMIZATION_LEVEL = "-Onone";
			};
			name = Debug;
		};
		A81801E92B7CB61000D7FF54 /* Release */ = {
			isa = XCBuildConfiguration;
			buildSettings = {
				ALWAYS_SEARCH_USER_PATHS = NO;
				CLANG_ANALYZER_NONNULL = YES;
				CLANG_ANALYZER_NUMBER_OBJECT_CONVERSION = YES_AGGRESSIVE;
				CLANG_CXX_LANGUAGE_STANDARD = "gnu++20";
				CLANG_ENABLE_MODULES = YES;
				CLANG_ENABLE_OBJC_ARC = YES;
				CLANG_ENABLE_OBJC_WEAK = YES;
				CLANG_WARN_BLOCK_CAPTURE_AUTORELEASING = YES;
				CLANG_WARN_BOOL_CONVERSION = YES;
				CLANG_WARN_COMMA = YES;
				CLANG_WARN_CONSTANT_CONVERSION = YES;
				CLANG_WARN_DEPRECATED_OBJC_IMPLEMENTATIONS = YES;
				CLANG_WARN_DIRECT_OBJC_ISA_USAGE = YES_ERROR;
				CLANG_WARN_DOCUMENTATION_COMMENTS = YES;
				CLANG_WARN_EMPTY_BODY = YES;
				CLANG_WARN_ENUM_CONVERSION = YES;
				CLANG_WARN_INFINITE_RECURSION = YES;
				CLANG_WARN_INT_CONVERSION = YES;
				CLANG_WARN_NON_LITERAL_NULL_CONVERSION = YES;
				CLANG_WARN_OBJC_IMPLICIT_RETAIN_SELF = YES;
				CLANG_WARN_OBJC_LITERAL_CONVERSION = YES;
				CLANG_WARN_OBJC_ROOT_CLASS = YES_ERROR;
				CLANG_WARN_QUOTED_INCLUDE_IN_FRAMEWORK_HEADER = YES;
				CLANG_WARN_RANGE_LOOP_ANALYSIS = YES;
				CLANG_WARN_STRICT_PROTOTYPES = YES;
				CLANG_WARN_SUSPICIOUS_MOVE = YES;
				CLANG_WARN_UNGUARDED_AVAILABILITY = YES_AGGRESSIVE;
				CLANG_WARN_UNREACHABLE_CODE = YES;
				CLANG_WARN__DUPLICATE_METHOD_MATCH = YES;
				COPY_PHASE_STRIP = NO;
				DEBUG_INFORMATION_FORMAT = "dwarf-with-dsym";
				ENABLE_NS_ASSERTIONS = NO;
				ENABLE_STRICT_OBJC_MSGSEND = YES;
				GCC_C_LANGUAGE_STANDARD = gnu11;
				GCC_NO_COMMON_BLOCKS = YES;
				GCC_WARN_64_TO_32_BIT_CONVERSION = YES;
				GCC_WARN_ABOUT_RETURN_TYPE = YES_ERROR;
				GCC_WARN_UNDECLARED_SELECTOR = YES;
				GCC_WARN_UNINITIALIZED_AUTOS = YES_AGGRESSIVE;
				GCC_WARN_UNUSED_FUNCTION = YES;
				GCC_WARN_UNUSED_VARIABLE = YES;
				IPHONEOS_DEPLOYMENT_TARGET = 16.2;
				MTL_ENABLE_DEBUG_INFO = NO;
				MTL_FAST_MATH = YES;
				SDKROOT = iphoneos;
				SWIFT_COMPILATION_MODE = wholemodule;
				SWIFT_OPTIMIZATION_LEVEL = "-O";
				VALIDATE_PRODUCT = YES;
			};
			name = Release;
		};
		A81801EB2B7CB61000D7FF54 /* Debug */ = {
			isa = XCBuildConfiguration;
			buildSettings = {
				ASSETCATALOG_COMPILER_APPICON_NAME = AppIcon;
				ASSETCATALOG_COMPILER_GLOBAL_ACCENT_COLOR_NAME = AccentColor;
				CODE_SIGN_STYLE = Automatic;
				CURRENT_PROJECT_VERSION = 1;
				DEVELOPMENT_ASSET_PATHS = "\"LearnNetworking/Preview Content\"";
				DEVELOPMENT_TEAM = HCYSF3K835;
				ENABLE_PREVIEWS = YES;
				GENERATE_INFOPLIST_FILE = YES;
				INFOPLIST_KEY_UIApplicationSceneManifest_Generation = YES;
				INFOPLIST_KEY_UIApplicationSupportsIndirectInputEvents = YES;
				INFOPLIST_KEY_UILaunchScreen_Generation = YES;
				INFOPLIST_KEY_UISupportedInterfaceOrientations_iPad = "UIInterfaceOrientationPortrait UIInterfaceOrientationPortraitUpsideDown UIInterfaceOrientationLandscapeLeft UIInterfaceOrientationLandscapeRight";
				INFOPLIST_KEY_UISupportedInterfaceOrientations_iPhone = "UIInterfaceOrientationPortrait UIInterfaceOrientationLandscapeLeft UIInterfaceOrientationLandscapeRight";
				LD_RUNPATH_SEARCH_PATHS = (
					"$(inherited)",
					"@executable_path/Frameworks",
				);
				MARKETING_VERSION = 1.0;
				PRODUCT_BUNDLE_IDENTIFIER = com.Arzu.LearnNetworking;
				PRODUCT_NAME = "$(TARGET_NAME)";
				SWIFT_EMIT_LOC_STRINGS = YES;
				SWIFT_VERSION = 5.0;
				TARGETED_DEVICE_FAMILY = "1,2";
			};
			name = Debug;
		};
		A81801EC2B7CB61000D7FF54 /* Release */ = {
			isa = XCBuildConfiguration;
			buildSettings = {
				ASSETCATALOG_COMPILER_APPICON_NAME = AppIcon;
				ASSETCATALOG_COMPILER_GLOBAL_ACCENT_COLOR_NAME = AccentColor;
				CODE_SIGN_STYLE = Automatic;
				CURRENT_PROJECT_VERSION = 1;
				DEVELOPMENT_ASSET_PATHS = "\"LearnNetworking/Preview Content\"";
				DEVELOPMENT_TEAM = HCYSF3K835;
				ENABLE_PREVIEWS = YES;
				GENERATE_INFOPLIST_FILE = YES;
				INFOPLIST_KEY_UIApplicationSceneManifest_Generation = YES;
				INFOPLIST_KEY_UIApplicationSupportsIndirectInputEvents = YES;
				INFOPLIST_KEY_UILaunchScreen_Generation = YES;
				INFOPLIST_KEY_UISupportedInterfaceOrientations_iPad = "UIInterfaceOrientationPortrait UIInterfaceOrientationPortraitUpsideDown UIInterfaceOrientationLandscapeLeft UIInterfaceOrientationLandscapeRight";
				INFOPLIST_KEY_UISupportedInterfaceOrientations_iPhone = "UIInterfaceOrientationPortrait UIInterfaceOrientationLandscapeLeft UIInterfaceOrientationLandscapeRight";
				LD_RUNPATH_SEARCH_PATHS = (
					"$(inherited)",
					"@executable_path/Frameworks",
				);
				MARKETING_VERSION = 1.0;
				PRODUCT_BUNDLE_IDENTIFIER = com.Arzu.LearnNetworking;
				PRODUCT_NAME = "$(TARGET_NAME)";
				SWIFT_EMIT_LOC_STRINGS = YES;
				SWIFT_VERSION = 5.0;
				TARGETED_DEVICE_FAMILY = "1,2";
			};
			name = Release;
		};
/* End XCBuildConfiguration section */

/* Begin XCConfigurationList section */
		A81801D72B7CB60D00D7FF54 /* Build configuration list for PBXProject "LearnNetworking" */ = {
			isa = XCConfigurationList;
			buildConfigurations = (
				A81801E82B7CB61000D7FF54 /* Debug */,
				A81801E92B7CB61000D7FF54 /* Release */,
			);
			defaultConfigurationIsVisible = 0;
			defaultConfigurationName = Release;
		};
		A81801EA2B7CB61000D7FF54 /* Build configuration list for PBXNativeTarget "LearnNetworking" */ = {
			isa = XCConfigurationList;
			buildConfigurations = (
				A81801EB2B7CB61000D7FF54 /* Debug */,
				A81801EC2B7CB61000D7FF54 /* Release */,
			);
			defaultConfigurationIsVisible = 0;
			defaultConfigurationName = Release;
		};
/* End XCConfigurationList section */

/* Begin XCRemoteSwiftPackageReference section */
		A81ACA9D2B7CBB0600565C0C /* XCRemoteSwiftPackageReference "Moya" */ = {
			isa = XCRemoteSwiftPackageReference;
			repositoryURL = "https://github.com/Moya/Moya.git";
			requirement = {
				branch = master;
				kind = branch;
			};
		};
/* End XCRemoteSwiftPackageReference section */

/* Begin XCSwiftPackageProductDependency section */
		A81ACA9E2B7CBB0600565C0C /* Moya */ = {
			isa = XCSwiftPackageProductDependency;
			package = A81ACA9D2B7CBB0600565C0C /* XCRemoteSwiftPackageReference "Moya" */;
			productName = Moya;
		};
/* End XCSwiftPackageProductDependency section */
	};
	rootObject = A81801D42B7CB60D00D7FF54 /* Project object */;
}
